
Microsoft Visual Studio Solution File, Format Version 12.00
# Visual Studio Version 17
VisualStudioVersion = 17.0.31919.166
MinimumVisualStudioVersion = 10.0.40219.1
Project("{FAE04EC0-301F-11D3-BF4B-00C04F79EFBC}") = "UC12_Messagebox", "UC12_Messagebox\UC12_Messagebox.csproj", "{D94DAB42-3105-4F69-A47D-3C0AA6FB5BBB}"
EndProject
Global
	GlobalSection(SolutionConfigurationPlatforms) = preSolution
		Debug|Any CPU = Debug|Any CPU
		Release|Any CPU = Release|Any CPU
	EndGlobalSection
	GlobalSection(ProjectConfigurationPlatforms) = postSolution
		{D94DAB42-3105-4F69-A47D-3C0AA6FB5BBB}.Debug|Any CPU.ActiveCfg = Debug|Any CPU
		{D94DAB42-3105-4F69-A47D-3C0AA6FB5BBB}.Debug|Any CPU.Build.0 = Debug|Any CPU
		{D94DAB42-3105-4F69-A47D-3C0AA6FB5BBB}.Release|Any CPU.ActiveCfg = Release|Any CPU
		{D94DAB42-3105-4F69-A47D-3C0AA6FB5BBB}.Release|Any CPU.Build.0 = Release|Any CPU
	EndGlobalSection
	GlobalSection(SolutionProperties) = preSolution
		HideSolutionNode = FALSE
	EndGlobalSection
	GlobalSection(ExtensibilityGlobals) = postSolution
		SolutionGuid = {172FC4A2-71CE-4381-B31A-6F8F38F46F7C}
	EndGlobalSection
EndGlobal
